// !$*UTF8*$!
{
	archiveVersion = 1;
	classes = {
	};
	objectVersion = 46;
	objects = {
/* Begin PBXBuildFile section */
		0207DA581B56EA530066E2B4 /* Images.xcassets in Resources */ = {isa = PBXBuildFile; fileRef = 0207DA571B56EA530066E2B4 /* Images.xcassets */; };
		02A80B9EE4124DCBA4095B4D /* AppFeelReachability.m in Sources */ = {isa = PBXBuildFile; fileRef = 056103A0BD8441CBB99AE380 /* AppFeelReachability.m */; };
		067660A929FC4F6A81831ADF /* CoreMedia.framework in Frameworks */ = {isa = PBXBuildFile; fileRef = 7BD0F0F0F33C46CCAB4AB398 /* CoreMedia.framework */; };
		06E7E973C7284C488D4B4F5A /* CDVConnection.m in Sources */ = {isa = PBXBuildFile; fileRef = AE7A77E24EC3449FB66D55A3 /* CDVConnection.m */; };
		0BD4D995AB984DE2978D6302 /* SystemConfiguration.framework in Frameworks */ = {isa = PBXBuildFile; fileRef = 217CA5018E1049188780BACB /* SystemConfiguration.framework */; };
		1C9429BD36844C0BAD2B3E17 /* StoreKit.framework in Frameworks */ = {isa = PBXBuildFile; fileRef = ABE9A1AB982E45D8A095F2E8 /* StoreKit.framework */; };
		1D3623260D0F684500981E51 /* AppDelegate.m in Sources */ = {isa = PBXBuildFile; fileRef = 1D3623250D0F684500981E51 /* AppDelegate.m */; };
		1D60589B0D05DD56006BFB54 /* main.m in Sources */ = {isa = PBXBuildFile; fileRef = 29B97316FDCFA39411CA2CEA /* main.m */; };
		20749712ADC84D5A8EFE62CC /* CDVInAppBrowser.m in Sources */ = {isa = PBXBuildFile; fileRef = 7034BA793590438BBB803FC9 /* CDVInAppBrowser.m */; };
		2503F464A6804899A8FC0602 /* AudioToolbox.framework in Frameworks */ = {isa = PBXBuildFile; fileRef = 77B28CF6322145F89A45DB32 /* AudioToolbox.framework */; };
		2FDFD3BB2FE74035B7F058FD /* APPLocalNotificationOptions.m in Sources */ = {isa = PBXBuildFile; fileRef = 3FD805B3416C4C7281A90083 /* APPLocalNotificationOptions.m */; };
		301BF552109A68D80062928A /* libCordova.a in Frameworks */ = {isa = PBXBuildFile; fileRef = 301BF535109A57CC0062928A /* libCordova.a */; };
		302D95F114D2391D003F00A1 /* MainViewController.m in Sources */ = {isa = PBXBuildFile; fileRef = 302D95EF14D2391D003F00A1 /* MainViewController.m */; };
		302D95F214D2391D003F00A1 /* MainViewController.xib in Resources */ = {isa = PBXBuildFile; fileRef = 302D95F014D2391D003F00A1 /* MainViewController.xib */; };
		328ADC91B41D45D49BC18B68 /* CoreTelephony.framework in Frameworks */ = {isa = PBXBuildFile; fileRef = 0D24D462CA8C48519A2FEBBC /* CoreTelephony.framework */; };
		3B037F387116427C8A88B587 /* MessageUI.framework in Frameworks */ = {isa = PBXBuildFile; fileRef = 8C310762E93D4FD289691BA7 /* MessageUI.framework */; };
		43BE36A20A434FBE8A0DB1E6 /* QuartzCore.framework in Frameworks */ = {isa = PBXBuildFile; fileRef = 5DD4842C700841E7A0B4C2FF /* QuartzCore.framework */; };
		4935DCC1120841789023D49E /* CDVAppFeelReachability.m in Sources */ = {isa = PBXBuildFile; fileRef = 9B59C4E57BC540A9ACBE7D08 /* CDVAppFeelReachability.m */; };
		4CF444C5EED742C1AB5DB167 /* UIApplication+APPLocalNotification.m in Sources */ = {isa = PBXBuildFile; fileRef = 957DC130252F439AAFA26372 /* UIApplication+APPLocalNotification.m */; };
		523D505C52964B74B6DED780 /* GoogleMobileAds.framework in Frameworks */ = {isa = PBXBuildFile; fileRef = A08DC839077E4432A7F4E803 /* GoogleMobileAds.framework */; };
		648D5176CC8349CC9DE1198E /* AVFoundation.framework in Frameworks */ = {isa = PBXBuildFile; fileRef = 978F5A7B83CA4E9A8E60FA4D /* AVFoundation.framework */; };
		743388A3F0894B9081BE23AA /* CDVAdMobAds.m in Sources */ = {isa = PBXBuildFile; fileRef = A5A882C36A6D4E0F8894781B /* CDVAdMobAds.m */; };
		77004AB524ED46A480C0BB96 /* APPLocalNotification.m in Sources */ = {isa = PBXBuildFile; fileRef = 6AC93789545C4E2A97F78AA6 /* APPLocalNotification.m */; };
		780A8F11874D4344B3C8EA21 /* UILocalNotification+APPLocalNotification.m in Sources */ = {isa = PBXBuildFile; fileRef = 7A711508F1B04B7ABF8FA49B /* UILocalNotification+APPLocalNotification.m */; };
		7D8E404D670846C38E77A375 /* EventKitUI.framework in Frameworks */ = {isa = PBXBuildFile; fileRef = 288B6441E41D4759882538D2 /* EventKitUI.framework */; };
		7DFE0CD587734A9A88779408 /* EventKit.framework in Frameworks */ = {isa = PBXBuildFile; fileRef = 6693888AE7014A069F5727C8 /* EventKit.framework */; };
		9537BE50BA3349DEA679AAA5 /* CDVSplashScreen.m in Sources */ = {isa = PBXBuildFile; fileRef = 0D3CE765353F4B4DBA1FA364 /* CDVSplashScreen.m */; };
		9E4A3286FF6F49A1B8007834 /* CDVViewController+SplashScreen.m in Sources */ = {isa = PBXBuildFile; fileRef = 8C96314757BF491A95D74936 /* CDVViewController+SplashScreen.m */; };
		A75244202504434CB6228CF6 /* CDVAdMobAdsAdListener.m in Sources */ = {isa = PBXBuildFile; fileRef = DAAC3A3E6F41465F8612B2F0 /* CDVAdMobAdsAdListener.m */; };
		A848DAA6481947BB97667E11 /* CDVReachability.m in Sources */ = {isa = PBXBuildFile; fileRef = 7995D8B98C17456BB391E0E0 /* CDVReachability.m */; };
		A98445EA458B4A5BBD8C6350 /* SocialSharing.m in Sources */ = {isa = PBXBuildFile; fileRef = 478D337378EE4A0B88C9FB37 /* SocialSharing.m */; };
		AD59B78986A6448B95B781E2 /* AppDelegate+APPAppEvent.m in Sources */ = {isa = PBXBuildFile; fileRef = 648D3FDF164247AF867CFF72 /* AppDelegate+APPAppEvent.m */; };
		D868289A0C024D7FB0282497 /* CDVDevice.m in Sources */ = {isa = PBXBuildFile; fileRef = 1EBD0890DCA14084BD25C89C /* CDVDevice.m */; };
		EEC7FE7BBEB1456EAB537384 /* Social.framework in Frameworks */ = {isa = PBXBuildFile; fileRef = 8BAF653C518A433486A12448 /* Social.framework */; settings = {ATTRIBUTES = (Weak, ); }; };
		F2228A92D3E042B3AD4645B2 /* CDVPlugin+APPAppEvent.m in Sources */ = {isa = PBXBuildFile; fileRef = 75EEAED0429D4D4EB3AB928C /* CDVPlugin+APPAppEvent.m */; };
		F5C5E27E17E1454990BA1B77 /* CoreFoundation.framework in Frameworks */ = {isa = PBXBuildFile; fileRef = 2DFA1D91505244C09E8F8627 /* CoreFoundation.framework */; };
		F73CB44C3CA1411CBEA33D87 /* AdSupport.framework in Frameworks */ = {isa = PBXBuildFile; fileRef = B6E10970A5A142ABB050B789 /* AdSupport.framework */; };
		F955D713D6C440388A300CBA /* NSString+URLEncoding.m in Sources */ = {isa = PBXBuildFile; fileRef = 4959332C5EC14E6E8C9DDD47 /* NSString+URLEncoding.m */; };
		46F55CA4D0BE4EF6802AAF4A /* CDVNotification.m in Sources */ = {isa = PBXBuildFile; fileRef = AC612E1544AA4F3B966AB543 /* CDVNotification.m */; };
		62F8EBCD2DE74343A291C1CE /* CDVNotification.bundle in Resources */ = {isa = PBXBuildFile; fileRef = 927BEA2A538B48C69233830A /* CDVNotification.bundle */; };
/* End PBXBuildFile section */

/* Begin PBXContainerItemProxy section */
		301BF534109A57CC0062928A /* PBXContainerItemProxy */ = {
			isa = PBXContainerItemProxy;
			containerPortal = 301BF52D109A57CC0062928A /* CordovaLib.xcodeproj */;
			proxyType = 2;
			remoteGlobalIDString = D2AAC07E0554694100DB518D;
			remoteInfo = CordovaLib;
		};
		301BF550109A68C00062928A /* PBXContainerItemProxy */ = {
			isa = PBXContainerItemProxy;
			containerPortal = 301BF52D109A57CC0062928A /* CordovaLib.xcodeproj */;
			proxyType = 1;
			remoteGlobalIDString = D2AAC07D0554694100DB518D;
			remoteInfo = CordovaLib;
		};
/* End PBXContainerItemProxy section */

/* Begin PBXFileReference section */
		0207DA571B56EA530066E2B4 /* Images.xcassets */ = {isa = PBXFileReference; lastKnownFileType = folder.assetcatalog; name = Images.xcassets; path = "Al Sharq/Images.xcassets"; sourceTree = SOURCE_ROOT; };
		056103A0BD8441CBB99AE380 /* AppFeelReachability.m */ = {isa = PBXFileReference; explicitFileType = undefined; fileEncoding = 4; includeInIndex = 0; lastKnownFileType = sourcecode.c.objc; name = AppFeelReachability.m; path = "cordova-connectivity-monitor/AppFeelReachability.m"; sourceTree = "<group>"; };
		09F7ECBD15184BC38DBCDD87 /* CDVPlugin+APPAppEvent.h */ = {isa = PBXFileReference; explicitFileType = undefined; fileEncoding = 4; includeInIndex = 0; lastKnownFileType = sourcecode.c.h; name = "CDVPlugin+APPAppEvent.h"; path = "cordova-plugin-app-event/CDVPlugin+APPAppEvent.h"; sourceTree = "<group>"; };
		0D24D462CA8C48519A2FEBBC /* CoreTelephony.framework */ = {isa = PBXFileReference; explicitFileType = undefined; fileEncoding = 9; includeInIndex = 0; lastKnownFileType = wrapper.framework; name = CoreTelephony.framework; path = System/Library/Frameworks/CoreTelephony.framework; sourceTree = SDKROOT; };
		0D3CE765353F4B4DBA1FA364 /* CDVSplashScreen.m */ = {isa = PBXFileReference; explicitFileType = undefined; fileEncoding = 4; includeInIndex = 0; lastKnownFileType = sourcecode.c.objc; name = CDVSplashScreen.m; path = "cordova-plugin-splashscreen/CDVSplashScreen.m"; sourceTree = "<group>"; };
		18083225D6574D57A82EF49E /* SocialSharing.h */ = {isa = PBXFileReference; explicitFileType = undefined; fileEncoding = 4; includeInIndex = 0; lastKnownFileType = sourcecode.c.h; name = SocialSharing.h; path = "cordova-plugin-x-socialsharing/SocialSharing.h"; sourceTree = "<group>"; };
		1D3623240D0F684500981E51 /* AppDelegate.h */ = {isa = PBXFileReference; fileEncoding = 4; lastKnownFileType = sourcecode.c.h; path = AppDelegate.h; sourceTree = "<group>"; };
		1D3623250D0F684500981E51 /* AppDelegate.m */ = {isa = PBXFileReference; fileEncoding = 4; lastKnownFileType = sourcecode.c.objc; path = AppDelegate.m; sourceTree = "<group>"; };
		1D6058910D05DD3D006BFB54 /* Al Sharq.app */ = {isa = PBXFileReference; explicitFileType = wrapper.application; includeInIndex = 0; path = "Al Sharq.app"; sourceTree = BUILT_PRODUCTS_DIR; };
		1EBD0890DCA14084BD25C89C /* CDVDevice.m */ = {isa = PBXFileReference; explicitFileType = undefined; fileEncoding = 4; includeInIndex = 0; lastKnownFileType = sourcecode.c.objc; name = CDVDevice.m; path = "cordova-plugin-device/CDVDevice.m"; sourceTree = "<group>"; };
		217CA5018E1049188780BACB /* SystemConfiguration.framework */ = {isa = PBXFileReference; explicitFileType = undefined; fileEncoding = 9; includeInIndex = 0; lastKnownFileType = wrapper.framework; name = SystemConfiguration.framework; path = System/Library/Frameworks/SystemConfiguration.framework; sourceTree = SDKROOT; };
		25D8DC9FC8D94F85A6AA0C9B /* AppFeelReachability.h */ = {isa = PBXFileReference; explicitFileType = undefined; fileEncoding = 4; includeInIndex = 0; lastKnownFileType = sourcecode.c.h; name = AppFeelReachability.h; path = "cordova-connectivity-monitor/AppFeelReachability.h"; sourceTree = "<group>"; };
		288B6441E41D4759882538D2 /* EventKitUI.framework */ = {isa = PBXFileReference; explicitFileType = undefined; fileEncoding = 9; includeInIndex = 0; lastKnownFileType = wrapper.framework; name = EventKitUI.framework; path = System/Library/Frameworks/EventKitUI.framework; sourceTree = SDKROOT; };
		29B97316FDCFA39411CA2CEA /* main.m */ = {isa = PBXFileReference; fileEncoding = 4; lastKnownFileType = sourcecode.c.objc; path = main.m; sourceTree = "<group>"; };
		2B1A4AAEB96940EF8CAED70A /* CDVInAppBrowser.h */ = {isa = PBXFileReference; explicitFileType = undefined; fileEncoding = 4; includeInIndex = 0; lastKnownFileType = sourcecode.c.h; name = CDVInAppBrowser.h; path = "cordova-plugin-inappbrowser/CDVInAppBrowser.h"; sourceTree = "<group>"; };
		2DFA1D91505244C09E8F8627 /* CoreFoundation.framework */ = {isa = PBXFileReference; explicitFileType = undefined; fileEncoding = 9; includeInIndex = 0; lastKnownFileType = wrapper.framework; name = CoreFoundation.framework; path = System/Library/Frameworks/CoreFoundation.framework; sourceTree = SDKROOT; };
		301BF52D109A57CC0062928A /* CordovaLib.xcodeproj */ = {isa = PBXFileReference; lastKnownFileType = "wrapper.pb-project"; name = CordovaLib.xcodeproj; path = CordovaLib/CordovaLib.xcodeproj; sourceTree = "<group>"; };
		301BF56E109A69640062928A /* www */ = {isa = PBXFileReference; lastKnownFileType = folder; path = www; sourceTree = SOURCE_ROOT; };
		302D95EE14D2391D003F00A1 /* MainViewController.h */ = {isa = PBXFileReference; fileEncoding = 4; lastKnownFileType = sourcecode.c.h; path = MainViewController.h; sourceTree = "<group>"; };
		302D95EF14D2391D003F00A1 /* MainViewController.m */ = {isa = PBXFileReference; fileEncoding = 4; lastKnownFileType = sourcecode.c.objc; path = MainViewController.m; sourceTree = "<group>"; };
		302D95F014D2391D003F00A1 /* MainViewController.xib */ = {isa = PBXFileReference; fileEncoding = 4; lastKnownFileType = file.xib; path = MainViewController.xib; sourceTree = "<group>"; };
		3047A50F1AB8059700498E2A /* build-debug.xcconfig */ = {isa = PBXFileReference; fileEncoding = 4; lastKnownFileType = text.xcconfig; name = "build-debug.xcconfig"; path = "cordova/build-debug.xcconfig"; sourceTree = SOURCE_ROOT; };
		3047A5101AB8059700498E2A /* build-release.xcconfig */ = {isa = PBXFileReference; fileEncoding = 4; lastKnownFileType = text.xcconfig; name = "build-release.xcconfig"; path = "cordova/build-release.xcconfig"; sourceTree = SOURCE_ROOT; };
		3047A5111AB8059700498E2A /* build.xcconfig */ = {isa = PBXFileReference; fileEncoding = 4; lastKnownFileType = text.xcconfig; name = build.xcconfig; path = cordova/build.xcconfig; sourceTree = SOURCE_ROOT; };
		32CA4F630368D1EE00C91783 /* Al Sharq-Prefix.pch */ = {isa = PBXFileReference; fileEncoding = 4; lastKnownFileType = sourcecode.c.h; path = "Al Sharq-Prefix.pch"; sourceTree = "<group>"; };
		3FD805B3416C4C7281A90083 /* APPLocalNotificationOptions.m */ = {isa = PBXFileReference; explicitFileType = undefined; fileEncoding = 4; includeInIndex = 0; lastKnownFileType = sourcecode.c.objc; name = APPLocalNotificationOptions.m; path = "de.appplant.cordova.plugin.local-notification/APPLocalNotificationOptions.m"; sourceTree = "<group>"; };
		478D337378EE4A0B88C9FB37 /* SocialSharing.m */ = {isa = PBXFileReference; explicitFileType = undefined; fileEncoding = 4; includeInIndex = 0; lastKnownFileType = sourcecode.c.objc; name = SocialSharing.m; path = "cordova-plugin-x-socialsharing/SocialSharing.m"; sourceTree = "<group>"; };
		4959332C5EC14E6E8C9DDD47 /* NSString+URLEncoding.m */ = {isa = PBXFileReference; explicitFileType = undefined; fileEncoding = 4; includeInIndex = 0; lastKnownFileType = sourcecode.c.objc; name = "NSString+URLEncoding.m"; path = "cordova-plugin-x-socialsharing/NSString+URLEncoding.m"; sourceTree = "<group>"; };
		546CEBC6E1654D5DABF19CD5 /* UILocalNotification+APPLocalNotification.h */ = {isa = PBXFileReference; explicitFileType = undefined; fileEncoding = 4; includeInIndex = 0; lastKnownFileType = sourcecode.c.h; name = "UILocalNotification+APPLocalNotification.h"; path = "de.appplant.cordova.plugin.local-notification/UILocalNotification+APPLocalNotification.h"; sourceTree = "<group>"; };
		5DD4842C700841E7A0B4C2FF /* QuartzCore.framework */ = {isa = PBXFileReference; explicitFileType = undefined; fileEncoding = 9; includeInIndex = 0; lastKnownFileType = wrapper.framework; name = QuartzCore.framework; path = System/Library/Frameworks/QuartzCore.framework; sourceTree = SDKROOT; };
		648D3FDF164247AF867CFF72 /* AppDelegate+APPAppEvent.m */ = {isa = PBXFileReference; explicitFileType = undefined; fileEncoding = 4; includeInIndex = 0; lastKnownFileType = sourcecode.c.objc; name = "AppDelegate+APPAppEvent.m"; path = "cordova-plugin-app-event/AppDelegate+APPAppEvent.m"; sourceTree = "<group>"; };
		65BA54EDD35945C28A7FA3E4 /* UIApplication+APPLocalNotification.h */ = {isa = PBXFileReference; explicitFileType = undefined; fileEncoding = 4; includeInIndex = 0; lastKnownFileType = sourcecode.c.h; name = "UIApplication+APPLocalNotification.h"; path = "de.appplant.cordova.plugin.local-notification/UIApplication+APPLocalNotification.h"; sourceTree = "<group>"; };
		6693888AE7014A069F5727C8 /* EventKit.framework */ = {isa = PBXFileReference; explicitFileType = undefined; fileEncoding = 9; includeInIndex = 0; lastKnownFileType = wrapper.framework; name = EventKit.framework; path = System/Library/Frameworks/EventKit.framework; sourceTree = SDKROOT; };
		6AC93789545C4E2A97F78AA6 /* APPLocalNotification.m */ = {isa = PBXFileReference; explicitFileType = undefined; fileEncoding = 4; includeInIndex = 0; lastKnownFileType = sourcecode.c.objc; name = APPLocalNotification.m; path = "de.appplant.cordova.plugin.local-notification/APPLocalNotification.m"; sourceTree = "<group>"; };
		6D271EE8FC19466AA46BFEB1 /* CDVConnection.h */ = {isa = PBXFileReference; explicitFileType = undefined; fileEncoding = 4; includeInIndex = 0; lastKnownFileType = sourcecode.c.h; name = CDVConnection.h; path = "cordova-plugin-network-information/CDVConnection.h"; sourceTree = "<group>"; };
		7034BA793590438BBB803FC9 /* CDVInAppBrowser.m */ = {isa = PBXFileReference; explicitFileType = undefined; fileEncoding = 4; includeInIndex = 0; lastKnownFileType = sourcecode.c.objc; name = CDVInAppBrowser.m; path = "cordova-plugin-inappbrowser/CDVInAppBrowser.m"; sourceTree = "<group>"; };
		758BC7400E5648E8B2921D85 /* CDVReachability.h */ = {isa = PBXFileReference; explicitFileType = undefined; fileEncoding = 4; includeInIndex = 0; lastKnownFileType = sourcecode.c.h; name = CDVReachability.h; path = "cordova-plugin-network-information/CDVReachability.h"; sourceTree = "<group>"; };
		75EEAED0429D4D4EB3AB928C /* CDVPlugin+APPAppEvent.m */ = {isa = PBXFileReference; explicitFileType = undefined; fileEncoding = 4; includeInIndex = 0; lastKnownFileType = sourcecode.c.objc; name = "CDVPlugin+APPAppEvent.m"; path = "cordova-plugin-app-event/CDVPlugin+APPAppEvent.m"; sourceTree = "<group>"; };
		77B28CF6322145F89A45DB32 /* AudioToolbox.framework */ = {isa = PBXFileReference; explicitFileType = undefined; fileEncoding = 9; includeInIndex = 0; lastKnownFileType = wrapper.framework; name = AudioToolbox.framework; path = System/Library/Frameworks/AudioToolbox.framework; sourceTree = SDKROOT; };
		7995D8B98C17456BB391E0E0 /* CDVReachability.m */ = {isa = PBXFileReference; explicitFileType = undefined; fileEncoding = 4; includeInIndex = 0; lastKnownFileType = sourcecode.c.objc; name = CDVReachability.m; path = "cordova-plugin-network-information/CDVReachability.m"; sourceTree = "<group>"; };
		7A711508F1B04B7ABF8FA49B /* UILocalNotification+APPLocalNotification.m */ = {isa = PBXFileReference; explicitFileType = undefined; fileEncoding = 4; includeInIndex = 0; lastKnownFileType = sourcecode.c.objc; name = "UILocalNotification+APPLocalNotification.m"; path = "de.appplant.cordova.plugin.local-notification/UILocalNotification+APPLocalNotification.m"; sourceTree = "<group>"; };
		7BD0F0F0F33C46CCAB4AB398 /* CoreMedia.framework */ = {isa = PBXFileReference; explicitFileType = undefined; fileEncoding = 9; includeInIndex = 0; lastKnownFileType = wrapper.framework; name = CoreMedia.framework; path = System/Library/Frameworks/CoreMedia.framework; sourceTree = SDKROOT; };
		7C99FB09F90A4DEFB785F397 /* CDVViewController+SplashScreen.h */ = {isa = PBXFileReference; explicitFileType = undefined; fileEncoding = 4; includeInIndex = 0; lastKnownFileType = sourcecode.c.h; name = "CDVViewController+SplashScreen.h"; path = "cordova-plugin-splashscreen/CDVViewController+SplashScreen.h"; sourceTree = "<group>"; };
		87772EDD770E4D9FA3256680 /* CDVAppFeelReachability.h */ = {isa = PBXFileReference; explicitFileType = undefined; fileEncoding = 4; includeInIndex = 0; lastKnownFileType = sourcecode.c.h; name = CDVAppFeelReachability.h; path = "cordova-connectivity-monitor/CDVAppFeelReachability.h"; sourceTree = "<group>"; };
		8BAF653C518A433486A12448 /* Social.framework */ = {isa = PBXFileReference; explicitFileType = undefined; fileEncoding = 9; includeInIndex = 0; lastKnownFileType = wrapper.framework; name = Social.framework; path = System/Library/Frameworks/Social.framework; sourceTree = SDKROOT; };
		8C310762E93D4FD289691BA7 /* MessageUI.framework */ = {isa = PBXFileReference; explicitFileType = undefined; fileEncoding = 9; includeInIndex = 0; lastKnownFileType = wrapper.framework; name = MessageUI.framework; path = System/Library/Frameworks/MessageUI.framework; sourceTree = SDKROOT; };
		8C96314757BF491A95D74936 /* CDVViewController+SplashScreen.m */ = {isa = PBXFileReference; explicitFileType = undefined; fileEncoding = 4; includeInIndex = 0; lastKnownFileType = sourcecode.c.objc; name = "CDVViewController+SplashScreen.m"; path = "cordova-plugin-splashscreen/CDVViewController+SplashScreen.m"; sourceTree = "<group>"; };
		8D1107310486CEB800E47090 /* Al Sharq-Info.plist */ = {isa = PBXFileReference; fileEncoding = 4; lastKnownFileType = text.plist.xml; name = "Al Sharq-Info.plist"; path = "Al Sharq/Al Sharq-Info.plist"; plistStructureDefinitionIdentifier = "com.apple.xcode.plist.structure-definition.iphone.info-plist"; sourceTree = SOURCE_ROOT; };
		957DC130252F439AAFA26372 /* UIApplication+APPLocalNotification.m */ = {isa = PBXFileReference; explicitFileType = undefined; fileEncoding = 4; includeInIndex = 0; lastKnownFileType = sourcecode.c.objc; name = "UIApplication+APPLocalNotification.m"; path = "de.appplant.cordova.plugin.local-notification/UIApplication+APPLocalNotification.m"; sourceTree = "<group>"; };
		974D6013823041A6980C6D51 /* AppDelegate+APPAppEvent.h */ = {isa = PBXFileReference; explicitFileType = undefined; fileEncoding = 4; includeInIndex = 0; lastKnownFileType = sourcecode.c.h; name = "AppDelegate+APPAppEvent.h"; path = "cordova-plugin-app-event/AppDelegate+APPAppEvent.h"; sourceTree = "<group>"; };
		978F5A7B83CA4E9A8E60FA4D /* AVFoundation.framework */ = {isa = PBXFileReference; explicitFileType = undefined; fileEncoding = 9; includeInIndex = 0; lastKnownFileType = wrapper.framework; name = AVFoundation.framework; path = System/Library/Frameworks/AVFoundation.framework; sourceTree = SDKROOT; };
		99BDE280FADD4B91B7FCCC7D /* APPAppEventDelegate.h */ = {isa = PBXFileReference; explicitFileType = undefined; fileEncoding = 4; includeInIndex = 0; lastKnownFileType = sourcecode.c.h; name = APPAppEventDelegate.h; path = "cordova-plugin-app-event/APPAppEventDelegate.h"; sourceTree = "<group>"; };
		9AACDDF61C8B468BB9265234 /* CDVDevice.h */ = {isa = PBXFileReference; explicitFileType = undefined; fileEncoding = 4; includeInIndex = 0; lastKnownFileType = sourcecode.c.h; name = CDVDevice.h; path = "cordova-plugin-device/CDVDevice.h"; sourceTree = "<group>"; };
		9B59C4E57BC540A9ACBE7D08 /* CDVAppFeelReachability.m */ = {isa = PBXFileReference; explicitFileType = undefined; fileEncoding = 4; includeInIndex = 0; lastKnownFileType = sourcecode.c.objc; name = CDVAppFeelReachability.m; path = "cordova-connectivity-monitor/CDVAppFeelReachability.m"; sourceTree = "<group>"; };
		A08DC839077E4432A7F4E803 /* GoogleMobileAds.framework */ = {isa = PBXFileReference; explicitFileType = undefined; fileEncoding = 9; includeInIndex = 0; lastKnownFileType = wrapper.framework; name = GoogleMobileAds.framework; path = "Al Sharq/Plugins/cordova-libgoogleadmobads/GoogleMobileAds.framework"; sourceTree = "<group>"; };
		A5A882C36A6D4E0F8894781B /* CDVAdMobAds.m */ = {isa = PBXFileReference; explicitFileType = undefined; fileEncoding = 4; includeInIndex = 0; lastKnownFileType = sourcecode.c.objc; name = CDVAdMobAds.m; path = "cordova-admob/CDVAdMobAds.m"; sourceTree = "<group>"; };
		ABE9A1AB982E45D8A095F2E8 /* StoreKit.framework */ = {isa = PBXFileReference; explicitFileType = undefined; fileEncoding = 9; includeInIndex = 0; lastKnownFileType = wrapper.framework; name = StoreKit.framework; path = System/Library/Frameworks/StoreKit.framework; sourceTree = SDKROOT; };
		AD115B91C96C4646857ECCF6 /* CDVAdMobAdsAdListener.h */ = {isa = PBXFileReference; explicitFileType = undefined; fileEncoding = 4; includeInIndex = 0; lastKnownFileType = sourcecode.c.h; name = CDVAdMobAdsAdListener.h; path = "cordova-admob/CDVAdMobAdsAdListener.h"; sourceTree = "<group>"; };
		AE7A77E24EC3449FB66D55A3 /* CDVConnection.m */ = {isa = PBXFileReference; explicitFileType = undefined; fileEncoding = 4; includeInIndex = 0; lastKnownFileType = sourcecode.c.objc; name = CDVConnection.m; path = "cordova-plugin-network-information/CDVConnection.m"; sourceTree = "<group>"; };
		B69955D818AA40A1A9B28383 /* CDVSplashScreen.h */ = {isa = PBXFileReference; explicitFileType = undefined; fileEncoding = 4; includeInIndex = 0; lastKnownFileType = sourcecode.c.h; name = CDVSplashScreen.h; path = "cordova-plugin-splashscreen/CDVSplashScreen.h"; sourceTree = "<group>"; };
		B6E10970A5A142ABB050B789 /* AdSupport.framework */ = {isa = PBXFileReference; explicitFileType = undefined; fileEncoding = 9; includeInIndex = 0; lastKnownFileType = wrapper.framework; name = AdSupport.framework; path = System/Library/Frameworks/AdSupport.framework; sourceTree = SDKROOT; };
		D5F043386C8E4C368CB28D68 /* CDVAdMobAds.h */ = {isa = PBXFileReference; explicitFileType = undefined; fileEncoding = 4; includeInIndex = 0; lastKnownFileType = sourcecode.c.h; name = CDVAdMobAds.h; path = "cordova-admob/CDVAdMobAds.h"; sourceTree = "<group>"; };
		DAAC3A3E6F41465F8612B2F0 /* CDVAdMobAdsAdListener.m */ = {isa = PBXFileReference; explicitFileType = undefined; fileEncoding = 4; includeInIndex = 0; lastKnownFileType = sourcecode.c.objc; name = CDVAdMobAdsAdListener.m; path = "cordova-admob/CDVAdMobAdsAdListener.m"; sourceTree = "<group>"; };
		EB87FDF31871DA8E0020F90C /* www */ = {isa = PBXFileReference; lastKnownFileType = folder; name = www; path = ../../www; sourceTree = "<group>"; };
		EB87FDF41871DAF40020F90C /* config.xml */ = {isa = PBXFileReference; lastKnownFileType = text.xml; name = config.xml; path = ../../config.xml; sourceTree = "<group>"; };
		ED33DF2A687741AEAF9F8254 /* Bridging-Header.h */ = {isa = PBXFileReference; fileEncoding = 4; lastKnownFileType = sourcecode.c.h; path = "Bridging-Header.h"; sourceTree = "<group>"; };
		F62C4ACDD4CC47A288EBF5F8 /* APPLocalNotification.h */ = {isa = PBXFileReference; explicitFileType = undefined; fileEncoding = 4; includeInIndex = 0; lastKnownFileType = sourcecode.c.h; name = APPLocalNotification.h; path = "de.appplant.cordova.plugin.local-notification/APPLocalNotification.h"; sourceTree = "<group>"; };
		F840E1F0165FE0F500CFE078 /* config.xml */ = {isa = PBXFileReference; lastKnownFileType = text.xml; name = config.xml; path = "Al Sharq/config.xml"; sourceTree = "<group>"; };
		FDA15B55BF004DCBA2943E9F /* APPLocalNotificationOptions.h */ = {isa = PBXFileReference; explicitFileType = undefined; fileEncoding = 4; includeInIndex = 0; lastKnownFileType = sourcecode.c.h; name = APPLocalNotificationOptions.h; path = "de.appplant.cordova.plugin.local-notification/APPLocalNotificationOptions.h"; sourceTree = "<group>"; };
		FE90251907784CC2AC85FBC3 /* NSString+URLEncoding.h */ = {isa = PBXFileReference; explicitFileType = undefined; fileEncoding = 4; includeInIndex = 0; lastKnownFileType = sourcecode.c.h; name = "NSString+URLEncoding.h"; path = "cordova-plugin-x-socialsharing/NSString+URLEncoding.h"; sourceTree = "<group>"; };
		AC612E1544AA4F3B966AB543 /* CDVNotification.m */ = {isa = PBXFileReference; name = "CDVNotification.m"; path = "cordova-plugin-dialogs/CDVNotification.m"; sourceTree = "<group>"; fileEncoding = 4; lastKnownFileType = sourcecode.c.objc; explicitFileType = undefined; includeInIndex = 0; };
		9FA506DE82364DBA8AE89D74 /* CDVNotification.h */ = {isa = PBXFileReference; name = "CDVNotification.h"; path = "cordova-plugin-dialogs/CDVNotification.h"; sourceTree = "<group>"; fileEncoding = 4; lastKnownFileType = sourcecode.c.h; explicitFileType = undefined; includeInIndex = 0; };
		927BEA2A538B48C69233830A /* CDVNotification.bundle */ = {isa = PBXFileReference; name = "CDVNotification.bundle"; path = "CDVNotification.bundle"; sourceTree = "<group>"; fileEncoding = undefined; lastKnownFileType = wrapper.plug-in; explicitFileType = undefined; includeInIndex = 0; };
/* End PBXFileReference section */

/* Begin PBXFrameworksBuildPhase section */
		1D60588F0D05DD3D006BFB54 /* Frameworks */ = {
			isa = PBXFrameworksBuildPhase;
			buildActionMask = 2147483647;
			files = (
				301BF552109A68D80062928A /* libCordova.a in Frameworks */,
				F73CB44C3CA1411CBEA33D87 /* AdSupport.framework in Frameworks */,
				2503F464A6804899A8FC0602 /* AudioToolbox.framework in Frameworks */,
				648D5176CC8349CC9DE1198E /* AVFoundation.framework in Frameworks */,
				F5C5E27E17E1454990BA1B77 /* CoreFoundation.framework in Frameworks */,
				067660A929FC4F6A81831ADF /* CoreMedia.framework in Frameworks */,
				328ADC91B41D45D49BC18B68 /* CoreTelephony.framework in Frameworks */,
				3B037F387116427C8A88B587 /* MessageUI.framework in Frameworks */,
				43BE36A20A434FBE8A0DB1E6 /* QuartzCore.framework in Frameworks */,
				1C9429BD36844C0BAD2B3E17 /* StoreKit.framework in Frameworks */,
				0BD4D995AB984DE2978D6302 /* SystemConfiguration.framework in Frameworks */,
				7DFE0CD587734A9A88779408 /* EventKit.framework in Frameworks */,
				7D8E404D670846C38E77A375 /* EventKitUI.framework in Frameworks */,
				EEC7FE7BBEB1456EAB537384 /* Social.framework in Frameworks */,
				523D505C52964B74B6DED780 /* GoogleMobileAds.framework in Frameworks */,
			);
			runOnlyForDeploymentPostprocessing = 0;
		};
/* End PBXFrameworksBuildPhase section */

/* Begin PBXGroup section */
		080E96DDFE201D6D7F000001 /* Classes */ = {
			isa = PBXGroup;
			children = (
				302D95EE14D2391D003F00A1 /* MainViewController.h */,
				302D95EF14D2391D003F00A1 /* MainViewController.m */,
				302D95F014D2391D003F00A1 /* MainViewController.xib */,
				1D3623240D0F684500981E51 /* AppDelegate.h */,
				1D3623250D0F684500981E51 /* AppDelegate.m */,
			);
			name = Classes;
			path = "Al Sharq/Classes";
			sourceTree = SOURCE_ROOT;
		};
		19C28FACFE9D520D11CA2CBB /* Products */ = {
			isa = PBXGroup;
			children = (
				1D6058910D05DD3D006BFB54 /* Al Sharq.app */,
			);
			name = Products;
			sourceTree = "<group>";
		};
		29B97314FDCFA39411CA2CEA /* CustomTemplate */ = {
			isa = PBXGroup;
			children = (
				EB87FDF41871DAF40020F90C /* config.xml */,
				EB87FDF31871DA8E0020F90C /* www */,
				EB87FDF11871DA420020F90C /* Staging */,
				301BF52D109A57CC0062928A /* CordovaLib.xcodeproj */,
				080E96DDFE201D6D7F000001 /* Classes */,
				307C750510C5A3420062BCA9 /* Plugins */,
				29B97315FDCFA39411CA2CEA /* Other Sources */,
				29B97317FDCFA39411CA2CEA /* Resources */,
				29B97323FDCFA39411CA2CEA /* Frameworks */,
				19C28FACFE9D520D11CA2CBB /* Products */,
			);
			name = CustomTemplate;
			sourceTree = "<group>";
		};
		29B97315FDCFA39411CA2CEA /* Other Sources */ = {
			isa = PBXGroup;
			children = (
				32CA4F630368D1EE00C91783 /* Al Sharq-Prefix.pch */,
				29B97316FDCFA39411CA2CEA /* main.m */,
				ED33DF2A687741AEAF9F8254 /* Bridging-Header.h */,
			);
			name = "Other Sources";
			path = "Al Sharq";
			sourceTree = "<group>";
		};
		29B97317FDCFA39411CA2CEA /* Resources */ = {
			isa = PBXGroup;
			children = (
				0207DA571B56EA530066E2B4 /* Images.xcassets */,
				3047A50E1AB8057F00498E2A /* config */,
				8D1107310486CEB800E47090 /* Al Sharq-Info.plist */,
				927BEA2A538B48C69233830A /* CDVNotification.bundle */,
			);
			name = Resources;
			path = "Al Sharq/Resources";
			sourceTree = "<group>";
		};
		29B97323FDCFA39411CA2CEA /* Frameworks */ = {
			isa = PBXGroup;
			children = (
				B6E10970A5A142ABB050B789 /* AdSupport.framework */,
				77B28CF6322145F89A45DB32 /* AudioToolbox.framework */,
				978F5A7B83CA4E9A8E60FA4D /* AVFoundation.framework */,
				2DFA1D91505244C09E8F8627 /* CoreFoundation.framework */,
				7BD0F0F0F33C46CCAB4AB398 /* CoreMedia.framework */,
				0D24D462CA8C48519A2FEBBC /* CoreTelephony.framework */,
				8C310762E93D4FD289691BA7 /* MessageUI.framework */,
				5DD4842C700841E7A0B4C2FF /* QuartzCore.framework */,
				ABE9A1AB982E45D8A095F2E8 /* StoreKit.framework */,
				217CA5018E1049188780BACB /* SystemConfiguration.framework */,
				6693888AE7014A069F5727C8 /* EventKit.framework */,
				288B6441E41D4759882538D2 /* EventKitUI.framework */,
				8BAF653C518A433486A12448 /* Social.framework */,
				A08DC839077E4432A7F4E803 /* GoogleMobileAds.framework */,
			);
			name = Frameworks;
			sourceTree = "<group>";
		};
		301BF52E109A57CC0062928A /* Products */ = {
			isa = PBXGroup;
			children = (
				301BF535109A57CC0062928A /* libCordova.a */,
			);
			name = Products;
			sourceTree = "<group>";
		};
		3047A50E1AB8057F00498E2A /* config */ = {
			isa = PBXGroup;
			children = (
				3047A50F1AB8059700498E2A /* build-debug.xcconfig */,
				3047A5101AB8059700498E2A /* build-release.xcconfig */,
				3047A5111AB8059700498E2A /* build.xcconfig */,
			);
			name = config;
			sourceTree = "<group>";
		};
		307C750510C5A3420062BCA9 /* Plugins */ = {
			isa = PBXGroup;
			children = (
				9B59C4E57BC540A9ACBE7D08 /* CDVAppFeelReachability.m */,
				056103A0BD8441CBB99AE380 /* AppFeelReachability.m */,
				87772EDD770E4D9FA3256680 /* CDVAppFeelReachability.h */,
				25D8DC9FC8D94F85A6AA0C9B /* AppFeelReachability.h */,
				A5A882C36A6D4E0F8894781B /* CDVAdMobAds.m */,
				DAAC3A3E6F41465F8612B2F0 /* CDVAdMobAdsAdListener.m */,
				D5F043386C8E4C368CB28D68 /* CDVAdMobAds.h */,
				AD115B91C96C4646857ECCF6 /* CDVAdMobAdsAdListener.h */,
				1EBD0890DCA14084BD25C89C /* CDVDevice.m */,
				9AACDDF61C8B468BB9265234 /* CDVDevice.h */,
				AE7A77E24EC3449FB66D55A3 /* CDVConnection.m */,
				7995D8B98C17456BB391E0E0 /* CDVReachability.m */,
				6D271EE8FC19466AA46BFEB1 /* CDVConnection.h */,
				758BC7400E5648E8B2921D85 /* CDVReachability.h */,
				0D3CE765353F4B4DBA1FA364 /* CDVSplashScreen.m */,
				8C96314757BF491A95D74936 /* CDVViewController+SplashScreen.m */,
				B69955D818AA40A1A9B28383 /* CDVSplashScreen.h */,
				7C99FB09F90A4DEFB785F397 /* CDVViewController+SplashScreen.h */,
				4959332C5EC14E6E8C9DDD47 /* NSString+URLEncoding.m */,
				478D337378EE4A0B88C9FB37 /* SocialSharing.m */,
				FE90251907784CC2AC85FBC3 /* NSString+URLEncoding.h */,
				18083225D6574D57A82EF49E /* SocialSharing.h */,
				6AC93789545C4E2A97F78AA6 /* APPLocalNotification.m */,
				3FD805B3416C4C7281A90083 /* APPLocalNotificationOptions.m */,
				957DC130252F439AAFA26372 /* UIApplication+APPLocalNotification.m */,
				7A711508F1B04B7ABF8FA49B /* UILocalNotification+APPLocalNotification.m */,
				F62C4ACDD4CC47A288EBF5F8 /* APPLocalNotification.h */,
				FDA15B55BF004DCBA2943E9F /* APPLocalNotificationOptions.h */,
				65BA54EDD35945C28A7FA3E4 /* UIApplication+APPLocalNotification.h */,
				546CEBC6E1654D5DABF19CD5 /* UILocalNotification+APPLocalNotification.h */,
				648D3FDF164247AF867CFF72 /* AppDelegate+APPAppEvent.m */,
				75EEAED0429D4D4EB3AB928C /* CDVPlugin+APPAppEvent.m */,
				974D6013823041A6980C6D51 /* AppDelegate+APPAppEvent.h */,
				09F7ECBD15184BC38DBCDD87 /* CDVPlugin+APPAppEvent.h */,
				99BDE280FADD4B91B7FCCC7D /* APPAppEventDelegate.h */,
				7034BA793590438BBB803FC9 /* CDVInAppBrowser.m */,
				2B1A4AAEB96940EF8CAED70A /* CDVInAppBrowser.h */,
				AC612E1544AA4F3B966AB543 /* CDVNotification.m */,
				9FA506DE82364DBA8AE89D74 /* CDVNotification.h */,
			);
			name = Plugins;
			path = "Al Sharq/Plugins";
			sourceTree = SOURCE_ROOT;
		};
		EB87FDF11871DA420020F90C /* Staging */ = {
			isa = PBXGroup;
			children = (
				F840E1F0165FE0F500CFE078 /* config.xml */,
				301BF56E109A69640062928A /* www */,
			);
			name = Staging;
			sourceTree = "<group>";
		};
/* End PBXGroup section */

/* Begin PBXNativeTarget section */
		1D6058900D05DD3D006BFB54 /* Al Sharq */ = {
			isa = PBXNativeTarget;
			buildConfigurationList = 1D6058960D05DD3E006BFB54 /* Build configuration list for PBXNativeTarget "Al Sharq" */;
			buildPhases = (
				304B58A110DAC018002A0835 /* Copy www directory */,
				1D60588D0D05DD3D006BFB54 /* Resources */,
				1D60588E0D05DD3D006BFB54 /* Sources */,
				1D60588F0D05DD3D006BFB54 /* Frameworks */,
			);
			buildRules = (
			);
			dependencies = (
				301BF551109A68C00062928A /* PBXTargetDependency */,
			);
			name = "Al Sharq";
			productName = "Al Sharq";
			productReference = 1D6058910D05DD3D006BFB54 /* Al Sharq.app */;
			productType = "com.apple.product-type.application";
		};
/* End PBXNativeTarget section */

/* Begin PBXProject section */
		29B97313FDCFA39411CA2CEA /* Project object */ = {
			isa = PBXProject;
			attributes = {
				LastUpgradeCheck = 510;
				TargetAttributes = {
					1D6058900D05DD3D006BFB54 = {
						DevelopmentTeam = T73KH3XDW6;
					};
				};
			};
			buildConfigurationList = C01FCF4E08A954540054247B /* Build configuration list for PBXProject "Al Sharq" */;
			compatibilityVersion = "Xcode 3.2";
			developmentRegion = English;
			hasScannedForEncodings = 1;
			knownRegions = (
				en,
			);
			mainGroup = 29B97314FDCFA39411CA2CEA /* CustomTemplate */;
			projectDirPath = "";
			projectReferences = (
				{
					ProductGroup = 301BF52E109A57CC0062928A /* Products */;
					ProjectRef = 301BF52D109A57CC0062928A /* CordovaLib.xcodeproj */;
				},
			);
			projectRoot = "";
			targets = (
				1D6058900D05DD3D006BFB54 /* Al Sharq */,
			);
		};
/* End PBXProject section */

/* Begin PBXReferenceProxy section */
		301BF535109A57CC0062928A /* libCordova.a */ = {
			isa = PBXReferenceProxy;
			fileType = archive.ar;
			path = libCordova.a;
			remoteRef = 301BF534109A57CC0062928A /* PBXContainerItemProxy */;
			sourceTree = BUILT_PRODUCTS_DIR;
		};
/* End PBXReferenceProxy section */

/* Begin PBXResourcesBuildPhase section */
		1D60588D0D05DD3D006BFB54 /* Resources */ = {
			isa = PBXResourcesBuildPhase;
			buildActionMask = 2147483647;
			files = (
				302D95F214D2391D003F00A1 /* MainViewController.xib in Resources */,
				0207DA581B56EA530066E2B4 /* Images.xcassets in Resources */,
				62F8EBCD2DE74343A291C1CE /* CDVNotification.bundle in Resources */,
			);
			runOnlyForDeploymentPostprocessing = 0;
		};
/* End PBXResourcesBuildPhase section */

/* Begin PBXShellScriptBuildPhase section */
		304B58A110DAC018002A0835 /* Copy www directory */ = {
			isa = PBXShellScriptBuildPhase;
			buildActionMask = 2147483647;
			files = (
			);
			inputPaths = (
			);
			name = "Copy www directory";
			outputPaths = (
			);
			runOnlyForDeploymentPostprocessing = 0;
			shellPath = /bin/sh;
			shellScript = "NODEJS_PATH=/usr/local/bin; NVM_NODE_PATH=~/.nvm/versions/node/`nvm version 2>/dev/null`/bin; N_NODE_PATH=`find /usr/local/n/versions/node/* -maxdepth 0 -type d 2>/dev/null | tail -1`/bin; XCODE_NODE_PATH=`xcode-select --print-path`/usr/share/xcs/Node/bin; PATH=$NODEJS_PATH:$NVM_NODE_PATH:$N_NODE_PATH:$XCODE_NODE_PATH:$PATH && node cordova/lib/copy-www-build-step.js";
			showEnvVarsInLog = 0;
		};
/* End PBXShellScriptBuildPhase section */

/* Begin PBXSourcesBuildPhase section */
		1D60588E0D05DD3D006BFB54 /* Sources */ = {
			isa = PBXSourcesBuildPhase;
			buildActionMask = 2147483647;
			files = (
				1D60589B0D05DD56006BFB54 /* main.m in Sources */,
				1D3623260D0F684500981E51 /* AppDelegate.m in Sources */,
				302D95F114D2391D003F00A1 /* MainViewController.m in Sources */,
				4935DCC1120841789023D49E /* CDVAppFeelReachability.m in Sources */,
				02A80B9EE4124DCBA4095B4D /* AppFeelReachability.m in Sources */,
				743388A3F0894B9081BE23AA /* CDVAdMobAds.m in Sources */,
				A75244202504434CB6228CF6 /* CDVAdMobAdsAdListener.m in Sources */,
				D868289A0C024D7FB0282497 /* CDVDevice.m in Sources */,
				06E7E973C7284C488D4B4F5A /* CDVConnection.m in Sources */,
				A848DAA6481947BB97667E11 /* CDVReachability.m in Sources */,
				9537BE50BA3349DEA679AAA5 /* CDVSplashScreen.m in Sources */,
				9E4A3286FF6F49A1B8007834 /* CDVViewController+SplashScreen.m in Sources */,
				F955D713D6C440388A300CBA /* NSString+URLEncoding.m in Sources */,
				A98445EA458B4A5BBD8C6350 /* SocialSharing.m in Sources */,
				77004AB524ED46A480C0BB96 /* APPLocalNotification.m in Sources */,
				2FDFD3BB2FE74035B7F058FD /* APPLocalNotificationOptions.m in Sources */,
				4CF444C5EED742C1AB5DB167 /* UIApplication+APPLocalNotification.m in Sources */,
				780A8F11874D4344B3C8EA21 /* UILocalNotification+APPLocalNotification.m in Sources */,
				AD59B78986A6448B95B781E2 /* AppDelegate+APPAppEvent.m in Sources */,
				F2228A92D3E042B3AD4645B2 /* CDVPlugin+APPAppEvent.m in Sources */,
				20749712ADC84D5A8EFE62CC /* CDVInAppBrowser.m in Sources */,
				46F55CA4D0BE4EF6802AAF4A /* CDVNotification.m in Sources */,
			);
			runOnlyForDeploymentPostprocessing = 0;
		};
/* End PBXSourcesBuildPhase section */

/* Begin PBXTargetDependency section */
		301BF551109A68C00062928A /* PBXTargetDependency */ = {
			isa = PBXTargetDependency;
			name = CordovaLib;
			targetProxy = 301BF550109A68C00062928A /* PBXContainerItemProxy */;
		};
/* End PBXTargetDependency section */

/* Begin XCBuildConfiguration section */
		1D6058940D05DD3E006BFB54 /* Debug */ = {
			isa = XCBuildConfiguration;
			baseConfigurationReference = 3047A50F1AB8059700498E2A /* build-debug.xcconfig */;
			buildSettings = {
				ALWAYS_SEARCH_USER_PATHS = NO;
				ASSETCATALOG_COMPILER_APPICON_NAME = AppIcon;
				ASSETCATALOG_COMPILER_LAUNCHIMAGE_NAME = LaunchImage;
				CLANG_ENABLE_MODULES = YES;
				CLANG_ENABLE_OBJC_ARC = YES;
				CODE_SIGN_IDENTITY = "iPhone Developer";
				"CODE_SIGN_IDENTITY[sdk=iphoneos*]" = "iPhone Developer";
				COPY_PHASE_STRIP = NO;
				FRAMEWORK_SEARCH_PATHS = (
					"$(inherited)",
					"\"Al Sharq/Plugins/cordova-libgoogleadmobads\"",
					"\"Al Sharq/Plugins/cordova-libgoogleadmobads\"",
				);
				GCC_DYNAMIC_NO_PIC = NO;
				GCC_OPTIMIZATION_LEVEL = 0;
				GCC_PRECOMPILE_PREFIX_HEADER = YES;
				GCC_PREFIX_HEADER = "Al Sharq/Al Sharq-Prefix.pch";
				GCC_THUMB_SUPPORT = NO;
				GCC_VERSION = "";
				INFOPLIST_FILE = "Al Sharq/Al Sharq-Info.plist";
				LD_RUNPATH_SEARCH_PATHS = "@executable_path/Frameworks";
				PRODUCT_NAME = "Al Sharq";
				PROVISIONING_PROFILE = "";
			};
			name = Debug;
		};
		1D6058950D05DD3E006BFB54 /* Release */ = {
			isa = XCBuildConfiguration;
			baseConfigurationReference = 3047A5101AB8059700498E2A /* build-release.xcconfig */;
			buildSettings = {
				ALWAYS_SEARCH_USER_PATHS = NO;
				ASSETCATALOG_COMPILER_APPICON_NAME = AppIcon;
				ASSETCATALOG_COMPILER_LAUNCHIMAGE_NAME = LaunchImage;
				CLANG_ENABLE_MODULES = YES;
				CLANG_ENABLE_OBJC_ARC = YES;
				CODE_SIGN_IDENTITY = "iPhone Developer";
				"CODE_SIGN_IDENTITY[sdk=iphoneos*]" = "iPhone Developer";
				COPY_PHASE_STRIP = YES;
				FRAMEWORK_SEARCH_PATHS = (
					"$(inherited)",
					"\"Al Sharq/Plugins/cordova-libgoogleadmobads\"",
					"\"Al Sharq/Plugins/cordova-libgoogleadmobads\"",
				);
				GCC_PRECOMPILE_PREFIX_HEADER = YES;
				GCC_PREFIX_HEADER = "Al Sharq/Al Sharq-Prefix.pch";
				GCC_THUMB_SUPPORT = NO;
				GCC_VERSION = "";
				INFOPLIST_FILE = "Al Sharq/Al Sharq-Info.plist";
				PRODUCT_NAME = "Al Sharq";
				PROVISIONING_PROFILE = "";
			};
			name = Release;
		};
		C01FCF4F08A954540054247B /* Debug */ = {
			isa = XCBuildConfiguration;
			baseConfigurationReference = 3047A5111AB8059700498E2A /* build.xcconfig */;
			buildSettings = {
				CLANG_ENABLE_MODULES = YES;
				CLANG_ENABLE_OBJC_ARC = YES;
				CLANG_WARN_BOOL_CONVERSION = YES;
				CLANG_WARN_CONSTANT_CONVERSION = YES;
				CLANG_WARN_EMPTY_BODY = YES;
				CLANG_WARN_ENUM_CONVERSION = YES;
				CLANG_WARN_INT_CONVERSION = YES;
				CLANG_WARN__DUPLICATE_METHOD_MATCH = YES;
				GCC_C_LANGUAGE_STANDARD = c99;
				GCC_THUMB_SUPPORT = NO;
				GCC_VERSION = "";
				GCC_WARN_ABOUT_RETURN_TYPE = YES;
				GCC_WARN_UNDECLARED_SELECTOR = YES;
				GCC_WARN_UNINITIALIZED_AUTOS = YES;
				GCC_WARN_UNUSED_FUNCTION = YES;
				GCC_WARN_UNUSED_VARIABLE = YES;
				ONLY_ACTIVE_ARCH = YES;
				SDKROOT = iphoneos;
				SKIP_INSTALL = NO;
			};
			name = Debug;
		};
		C01FCF5008A954540054247B /* Release */ = {
			isa = XCBuildConfiguration;
			baseConfigurationReference = 3047A5111AB8059700498E2A /* build.xcconfig */;
			buildSettings = {
				CLANG_ENABLE_MODULES = YES;
				CLANG_ENABLE_OBJC_ARC = YES;
				CLANG_WARN_BOOL_CONVERSION = YES;
				CLANG_WARN_CONSTANT_CONVERSION = YES;
				CLANG_WARN_EMPTY_BODY = YES;
				CLANG_WARN_ENUM_CONVERSION = YES;
				CLANG_WARN_INT_CONVERSION = YES;
				CLANG_WARN__DUPLICATE_METHOD_MATCH = YES;
				GCC_C_LANGUAGE_STANDARD = c99;
				GCC_THUMB_SUPPORT = NO;
				GCC_VERSION = "";
				GCC_WARN_ABOUT_RETURN_TYPE = YES;
				GCC_WARN_UNDECLARED_SELECTOR = YES;
				GCC_WARN_UNINITIALIZED_AUTOS = YES;
				GCC_WARN_UNUSED_FUNCTION = YES;
				GCC_WARN_UNUSED_VARIABLE = YES;
				SDKROOT = iphoneos;
				SKIP_INSTALL = NO;
			};
			name = Release;
		};
/* End XCBuildConfiguration section */

/* Begin XCConfigurationList section */
		1D6058960D05DD3E006BFB54 /* Build configuration list for PBXNativeTarget "Al Sharq" */ = {
			isa = XCConfigurationList;
			buildConfigurations = (
				1D6058940D05DD3E006BFB54 /* Debug */,
				1D6058950D05DD3E006BFB54 /* Release */,
			);
			defaultConfigurationIsVisible = 0;
			defaultConfigurationName = Release;
		};
		C01FCF4E08A954540054247B /* Build configuration list for PBXProject "Al Sharq" */ = {
			isa = XCConfigurationList;
			buildConfigurations = (
				C01FCF4F08A954540054247B /* Debug */,
				C01FCF5008A954540054247B /* Release */,
			);
			defaultConfigurationIsVisible = 0;
			defaultConfigurationName = Release;
		};
/* End XCConfigurationList section */
	};
	rootObject = 29B97313FDCFA39411CA2CEA /* Project object */;
}
